{
  "name": "@audio/shift",
  "version": "1.1.2",
  "lockfileVersion": 3,
  "requires": true,
  "packages": {
    "": {
      "name": "@audio/shift",
      "version": "1.1.2",
      "license": "MIT",
      "workspaces": [
        "packages/*"
      ],
      "dependencies": {
        "@audio/shift-delay": "^1.0.0",
        "@audio/shift-formant": "^1.0.0",
        "@audio/shift-granular": "^1.0.0",
        "@audio/shift-hpss": "^1.0.0",
        "@audio/shift-hybrid": "^1.0.0",
        "@audio/shift-lpc": "^1.0.0",
        "@audio/shift-ola": "^1.0.0",
        "@audio/shift-paulstretch": "^1.0.0",
        "@audio/shift-psola": "^1.0.0",
        "@audio/shift-pvoc": "^1.0.0",
        "@audio/shift-pvoc-lock": "^1.0.0",
        "@audio/shift-sample": "^1.0.0",
        "@audio/shift-sms": "^1.0.0",
        "@audio/shift-transient": "^1.0.0",
        "@audio/shift-wsola": "^1.0.0"
      },
      "devDependencies": {
        "@audio/quality": "^1.0.0",
        "audio-lena": "^3.0.0",
        "fourier-transform": "^2.3.0",
        "tst": "^9.4.0"
      },
      "engines": {
        "node": ">=18"
      }
    },
    "node_modules/@audio/quality": {
      "version": "1.0.0",
      "resolved": "https://registry.npmjs.org/@audio/quality/-/quality-1.0.0.tgz",
      "integrity": "sha512-y9Tgo5Uc74VjSJsrmLZCcPjIKRHNPYHlSCy2nBnkt9QJwuSjj0Q55S3zks3JEkPAQ9TXjdkiwESBnBc9XJdAHA==",
      "dev": true,
      "license": "MIT",
      "dependencies": {
        "fourier-transform": "^2.2.0"
      },
      "engines": {
        "node": ">=18"
      }
    },
    "node_modules/@audio/resample-sinc": {
      "version": "1.1.1",
      "resolved": "https://registry.npmjs.org/@audio/resample-sinc/-/resample-sinc-1.1.1.tgz",
      "integrity": "sha512-yaeNtuiHa2lhow3N6gLhVjcuT91EoXW3T5kLppNB4qY5MRczcSuBAv+6cSvr+RjRoS9XLZCsbz2JY/TJ+zGJWg==",
      "license": "MIT",
      "engines": {
        "node": ">=18"
      }
    },
    "node_modules/@audio/shift-delay": {
      "resolved": "packages/shift-delay",
      "link": true
    },
    "node_modules/@audio/shift-formant": {
      "resolved": "packages/shift-formant",
      "link": true
    },
    "node_modules/@audio/shift-granular": {
      "resolved": "packages/shift-granular",
      "link": true
    },
    "node_modules/@audio/shift-hpss": {
      "resolved": "packages/shift-hpss",
      "link": true
    },
    "node_modules/@audio/shift-hybrid": {
      "resolved": "packages/shift-hybrid",
      "link": true
    },
    "node_modules/@audio/shift-lpc": {
      "resolved": "packages/shift-lpc",
      "link": true
    },
    "node_modules/@audio/shift-ola": {
      "resolved": "packages/shift-ola",
      "link": true
    },
    "node_modules/@audio/shift-paulstretch": {
      "resolved": "packages/shift-paulstretch",
      "link": true
    },
    "node_modules/@audio/shift-psola": {
      "resolved": "packages/shift-psola",
      "link": true
    },
    "node_modules/@audio/shift-pvoc": {
      "resolved": "packages/shift-pvoc",
      "link": true
    },
    "node_modules/@audio/shift-pvoc-lock": {
      "resolved": "packages/shift-pvoc-lock",
      "link": true
    },
    "node_modules/@audio/shift-sample": {
      "resolved": "packages/shift-sample",
      "link": true
    },
    "node_modules/@audio/shift-sms": {
      "resolved": "packages/shift-sms",
      "link": true
    },
    "node_modules/@audio/shift-transient": {
      "resolved": "packages/shift-transient",
      "link": true
    },
    "node_modules/@audio/shift-wsola": {
      "resolved": "packages/shift-wsola",
      "link": true
    },
    "node_modules/@audio/spectral-pvoc": {
      "version": "1.0.0",
      "resolved": "https://registry.npmjs.org/@audio/spectral-pvoc/-/spectral-pvoc-1.0.0.tgz",
      "integrity": "sha512-raJWFpTZtRhpNluA5Rl3n4AVrpe+AmQaYXIl2dKIJTrydfjm8P39pV7GZQvIKH81iMMKJRRogUVbtdIPqoZ7FQ==",
      "license": "MIT",
      "engines": {
        "node": ">=18"
      }
    },
    "node_modules/@audio/stretch-psola": {
      "version": "1.2.0",
      "resolved": "https://registry.npmjs.org/@audio/stretch-psola/-/stretch-psola-1.2.0.tgz",
      "integrity": "sha512-nT6dTXHbgQfWsppB+2gMen9iT0suguo41SDxL5pmSYmvIBztOh5nmGSsvNYR6kJDVNwAefx+EvOcbgN4CKeV1w==",
      "license": "MIT",
      "dependencies": {
        "@audio/stretch-wsola": "^1.0.0"
      },
      "engines": {
        "node": ">=18"
      }
    },
    "node_modules/@audio/stretch-wsola": {
      "version": "1.2.0",
      "resolved": "https://registry.npmjs.org/@audio/stretch-wsola/-/stretch-wsola-1.2.0.tgz",
      "integrity": "sha512-uw1wHM526eTWaPS6kFLKdeGiYinplCMvwA8jyBmFedLUbU+aWu/dhzCLtcDmcjOwF9C/jNSuYY9LUwWgxml/gg==",
      "license": "MIT",
      "engines": {
        "node": ">=18"
      }
    },
    "node_modules/audio-lena": {
      "version": "3.0.0",
      "resolved": "https://registry.npmjs.org/audio-lena/-/audio-lena-3.0.0.tgz",
      "integrity": "sha512-rRXVO5Yx5u4Aeg30mRdVNTYINXaUmOOYssFHnpA6uZkwm9PC7MDhRIycdAdze3c96cNtZCOqcezuaAa46Sg61A==",
      "dev": true,
      "license": "MIT"
    },
    "node_modules/fourier-transform": {
      "version": "2.4.0",
      "resolved": "https://registry.npmjs.org/fourier-transform/-/fourier-transform-2.4.0.tgz",
      "integrity": "sha512-B7pQ7faDJGPJcFy08OtSlbr5wkMr9eVDZOHg8q2wBDCVOpVrO5+lTcPGobx+XxdG3G9vAV57jehcChaAqrDlew==",
      "license": "MIT"
    },
    "node_modules/tst": {
      "version": "9.4.0",
      "resolved": "https://registry.npmjs.org/tst/-/tst-9.4.0.tgz",
      "integrity": "sha512-LFC1yasMqhvL9hBJdA07nozlfS1RGy/7uiBCwRZcQH9zB4+n7XpxwYszzK//WQ2JVOLAUgU3d8ABEcrFLZE0vg==",
      "dev": true,
      "license": "MIT"
    },
    "packages/shift-delay": {
      "name": "@audio/shift-delay",
      "version": "1.0.1",
      "license": "MIT",
      "dependencies": {
        "@audio/resample-sinc": "^1.1.0"
      },
      "engines": {
        "node": ">=18"
      }
    },
    "packages/shift-formant": {
      "name": "@audio/shift-formant",
      "version": "1.1.3",
      "license": "MIT",
      "dependencies": {
        "@audio/spectral-pvoc": "^1.0.0",
        "fourier-transform": "^2.3.0"
      },
      "engines": {
        "node": ">=18"
      }
    },
    "packages/shift-granular": {
      "name": "@audio/shift-granular",
      "version": "1.0.1",
      "license": "MIT",
      "dependencies": {
        "@audio/resample-sinc": "^1.1.0"
      },
      "engines": {
        "node": ">=18"
      }
    },
    "packages/shift-hpss": {
      "name": "@audio/shift-hpss",
      "version": "1.0.1",
      "license": "MIT",
      "dependencies": {
        "@audio/spectral-pvoc": "^1.0.0",
        "fourier-transform": "^2.3.0"
      },
      "engines": {
        "node": ">=18"
      }
    },
    "packages/shift-hybrid": {
      "name": "@audio/shift-hybrid",
      "version": "1.0.1",
      "license": "MIT",
      "dependencies": {
        "@audio/shift-pvoc-lock": "^1.0.0",
        "@audio/shift-wsola": "^1.0.0",
        "fourier-transform": "^2.3.0"
      },
      "engines": {
        "node": ">=18"
      }
    },
    "packages/shift-lpc": {
      "name": "@audio/shift-lpc",
      "version": "1.0.1",
      "license": "MIT",
      "dependencies": {
        "@audio/shift-delay": "^1.0.0"
      },
      "engines": {
        "node": ">=18"
      }
    },
    "packages/shift-ola": {
      "name": "@audio/shift-ola",
      "version": "1.0.2",
      "license": "MIT",
      "dependencies": {
        "@audio/resample-sinc": "^1.1.0",
        "@audio/stretch-wsola": "^1.0.1"
      },
      "engines": {
        "node": ">=18"
      }
    },
    "packages/shift-paulstretch": {
      "name": "@audio/shift-paulstretch",
      "version": "1.1.3",
      "license": "MIT",
      "dependencies": {
        "@audio/spectral-pvoc": "^1.0.0",
        "fourier-transform": "^2.3.0"
      },
      "engines": {
        "node": ">=18"
      }
    },
    "packages/shift-psola": {
      "name": "@audio/shift-psola",
      "version": "1.0.2",
      "license": "MIT",
      "dependencies": {
        "@audio/resample-sinc": "^1.1.0",
        "@audio/stretch-psola": "^1.0.1"
      },
      "engines": {
        "node": ">=18"
      }
    },
    "packages/shift-pvoc": {
      "name": "@audio/shift-pvoc",
      "version": "1.1.3",
      "license": "MIT",
      "dependencies": {
        "@audio/spectral-pvoc": "^1.0.0",
        "fourier-transform": "^2.3.0"
      },
      "engines": {
        "node": ">=18"
      }
    },
    "packages/shift-pvoc-lock": {
      "name": "@audio/shift-pvoc-lock",
      "version": "1.0.1",
      "license": "MIT",
      "dependencies": {
        "@audio/spectral-pvoc": "^1.0.0",
        "fourier-transform": "^2.3.0"
      },
      "engines": {
        "node": ">=18"
      }
    },
    "packages/shift-sample": {
      "name": "@audio/shift-sample",
      "version": "1.0.1",
      "license": "MIT",
      "dependencies": {
        "@audio/resample-sinc": "^1.1.0"
      },
      "engines": {
        "node": ">=18"
      }
    },
    "packages/shift-sms": {
      "name": "@audio/shift-sms",
      "version": "1.0.1",
      "license": "MIT",
      "dependencies": {
        "@audio/spectral-pvoc": "^1.0.0",
        "fourier-transform": "^2.3.0"
      },
      "engines": {
        "node": ">=18"
      }
    },
    "packages/shift-transient": {
      "name": "@audio/shift-transient",
      "version": "1.0.1",
      "license": "MIT",
      "dependencies": {
        "@audio/spectral-pvoc": "^1.0.0",
        "fourier-transform": "^2.3.0"
      },
      "engines": {
        "node": ">=18"
      }
    },
    "packages/shift-wsola": {
      "name": "@audio/shift-wsola",
      "version": "1.0.2",
      "license": "MIT",
      "dependencies": {
        "@audio/resample-sinc": "^1.1.0",
        "@audio/stretch-wsola": "^1.0.1"
      },
      "engines": {
        "node": ">=18"
      }
    }
  }
}
